{
  "name": "zip2prompt",
  "version": "0.7.0",
  "lockfileVersion": 3,
  "requires": true,
  "packages": {
    "": {
      "name": "zip2prompt",
      "version": "0.7.0",
      "license": "ISC",
      "dependencies": {
        "@hono/node-server": "^1.12.0",
        "adm-zip": "^0.5.14",
        "hono": "^4.4.13"
      }
    },
    "node_modules/@hono/node-server": {
      "version": "1.12.0",
      "resolved": "https://registry.npmjs.org/@hono/node-server/-/node-server-1.12.0.tgz",
      "integrity": "sha512-e6oHjNiErRxsZRZBmc2KucuvY3btlO/XPncIpP2X75bRdTilF9GLjm3NHvKKunpJbbJJj31/FoPTksTf8djAVw==",
      "engines": {
        "node": ">=18.14.1"
      }
    },
    "node_modules/adm-zip": {
      "version": "0.5.14",
      "resolved": "https://registry.npmjs.org/adm-zip/-/adm-zip-0.5.14.tgz",
      "integrity": "sha512-DnyqqifT4Jrcvb8USYjp6FHtBpEIz1mnXu6pTRHZ0RL69LbQYiO+0lDFg5+OKA7U29oWSs3a/i8fhn8ZcceIWg==",
      "engines": {
        "node": ">=12.0"
      }
    },
    "node_modules/hono": {
      "version": "4.4.13",
      "resolved": "https://registry.npmjs.org/hono/-/hono-4.4.13.tgz",
      "integrity": "sha512-c6qqenclmQ6wpXzqiElMa2jt423PVCmgBreDfC5s2lPPpGk7d0lOymd8QTzFZyYC5mSSs6imiTMPip+gLwuW/g==",
      "engines": {
        "node": ">=16.0.0"
      }
    }
  }
}
